
Microsoft Visual Studio Solution File, Format Version 12.00
# Visual Studio Version 17
VisualStudioVersion = 17.7.34031.279
MinimumVisualStudioVersion = 10.0.40219.1
Project("{FAE04EC0-301F-11D3-BF4B-00C04F79EFBC}") = "EjsU7_SG", "EjsU7-SG\EjsU7_SG.csproj", "{3CA8D1CC-4411-4D06-A1CD-1F142D4AEC71}"
EndProject
Global
	GlobalSection(SolutionConfigurationPlatforms) = preSolution
		Debug|Any CPU = Debug|Any CPU
		Release|Any CPU = Release|Any CPU
	EndGlobalSection
	GlobalSection(ProjectConfigurationPlatforms) = postSolution
		{3CA8D1CC-4411-4D06-A1CD-1F142D4AEC71}.Debug|Any CPU.ActiveCfg = Debug|Any CPU
		{3CA8D1CC-4411-4D06-A1CD-1F142D4AEC71}.Debug|Any CPU.Build.0 = Debug|Any CPU
		{3CA8D1CC-4411-4D06-A1CD-1F142D4AEC71}.Release|Any CPU.ActiveCfg = Release|Any CPU
		{3CA8D1CC-4411-4D06-A1CD-1F142D4AEC71}.Release|Any CPU.Build.0 = Release|Any CPU
	EndGlobalSection
	GlobalSection(SolutionProperties) = preSolution
		HideSolutionNode = FALSE
	EndGlobalSection
	GlobalSection(ExtensibilityGlobals) = postSolution
		SolutionGuid = {A7F3FE62-CCDF-4BC3-994E-0DA1E37D251F}
	EndGlobalSection
EndGlobal
